
Microsoft Visual Studio Solution File, Format Version 12.00
# Visual Studio Version 16
VisualStudioVersion = 16.0.28902.138
MinimumVisualStudioVersion = 10.0.40219.1
Project("{9A19103F-16F7-4668-BE54-9A1E7A4F7556}") = "GraphToMatrix", "GraphToMatrix.csproj", "{E71B59EB-A43A-4072-ABD9-60BC75D406FC}"
EndProject
Project("{9A19103F-16F7-4668-BE54-9A1E7A4F7556}") = "MatrixToGraph", "..\MatrixToGraph\MatrixToGraph.csproj", "{EFD92D5B-6B29-424C-A39F-84786BAE7889}"
EndProject
Project("{9A19103F-16F7-4668-BE54-9A1E7A4F7556}") = "Friends", "..\Friends\Friends.csproj", "{FB90303C-EEA6-4AAF-9B0C-2089C2C2C02F}"
EndProject
Project("{9A19103F-16F7-4668-BE54-9A1E7A4F7556}") = "PublicTransport", "..\PublicTransport\PublicTransport.csproj", "{DA17DDFF-2D1F-43EE-AB26-75B981723DBC}"
EndProject
Project("{9A19103F-16F7-4668-BE54-9A1E7A4F7556}") = "GraphImplementation", "..\GraphImplementation\GraphImplementation.csproj", "{426D1258-AB9C-4274-8054-613E13AD76D3}"
EndProject
Project("{9A19103F-16F7-4668-BE54-9A1E7A4F7556}") = "DSA_Exam_Problem1", "..\DSA_Exam_Problem1\DSA_Exam_Problem1.csproj", "{E79BD5F5-23B5-46DE-9119-7358F8E4E7C6}"
EndProject
Project("{9A19103F-16F7-4668-BE54-9A1E7A4F7556}") = "DSA_Exam_Problem2", "..\DSA_Exam_Problem2\DSA_Exam_Problem2.csproj", "{A61C9472-3E1F-4624-A611-60115CB27266}"
EndProject
Global
	GlobalSection(SolutionConfigurationPlatforms) = preSolution
		Debug|Any CPU = Debug|Any CPU
		Release|Any CPU = Release|Any CPU
	EndGlobalSection
	GlobalSection(ProjectConfigurationPlatforms) = postSolution
		{E71B59EB-A43A-4072-ABD9-60BC75D406FC}.Debug|Any CPU.ActiveCfg = Debug|Any CPU
		{E71B59EB-A43A-4072-ABD9-60BC75D406FC}.Debug|Any CPU.Build.0 = Debug|Any CPU
		{E71B59EB-A43A-4072-ABD9-60BC75D406FC}.Release|Any CPU.ActiveCfg = Release|Any CPU
		{E71B59EB-A43A-4072-ABD9-60BC75D406FC}.Release|Any CPU.Build.0 = Release|Any CPU
		{EFD92D5B-6B29-424C-A39F-84786BAE7889}.Debug|Any CPU.ActiveCfg = Debug|Any CPU
		{EFD92D5B-6B29-424C-A39F-84786BAE7889}.Debug|Any CPU.Build.0 = Debug|Any CPU
		{EFD92D5B-6B29-424C-A39F-84786BAE7889}.Release|Any CPU.ActiveCfg = Release|Any CPU
		{EFD92D5B-6B29-424C-A39F-84786BAE7889}.Release|Any CPU.Build.0 = Release|Any CPU
		{FB90303C-EEA6-4AAF-9B0C-2089C2C2C02F}.Debug|Any CPU.ActiveCfg = Debug|Any CPU
		{FB90303C-EEA6-4AAF-9B0C-2089C2C2C02F}.Debug|Any CPU.Build.0 = Debug|Any CPU
		{FB90303C-EEA6-4AAF-9B0C-2089C2C2C02F}.Release|Any CPU.ActiveCfg = Release|Any CPU
		{FB90303C-EEA6-4AAF-9B0C-2089C2C2C02F}.Release|Any CPU.Build.0 = Release|Any CPU
		{DA17DDFF-2D1F-43EE-AB26-75B981723DBC}.Debug|Any CPU.ActiveCfg = Debug|Any CPU
		{DA17DDFF-2D1F-43EE-AB26-75B981723DBC}.Debug|Any CPU.Build.0 = Debug|Any CPU
		{DA17DDFF-2D1F-43EE-AB26-75B981723DBC}.Release|Any CPU.ActiveCfg = Release|Any CPU
		{DA17DDFF-2D1F-43EE-AB26-75B981723DBC}.Release|Any CPU.Build.0 = Release|Any CPU
		{426D1258-AB9C-4274-8054-613E13AD76D3}.Debug|Any CPU.ActiveCfg = Debug|Any CPU
		{426D1258-AB9C-4274-8054-613E13AD76D3}.Debug|Any CPU.Build.0 = Debug|Any CPU
		{426D1258-AB9C-4274-8054-613E13AD76D3}.Release|Any CPU.ActiveCfg = Release|Any CPU
		{426D1258-AB9C-4274-8054-613E13AD76D3}.Release|Any CPU.Build.0 = Release|Any CPU
		{E79BD5F5-23B5-46DE-9119-7358F8E4E7C6}.Debug|Any CPU.ActiveCfg = Debug|Any CPU
		{E79BD5F5-23B5-46DE-9119-7358F8E4E7C6}.Debug|Any CPU.Build.0 = Debug|Any CPU
		{E79BD5F5-23B5-46DE-9119-7358F8E4E7C6}.Release|Any CPU.ActiveCfg = Release|Any CPU
		{E79BD5F5-23B5-46DE-9119-7358F8E4E7C6}.Release|Any CPU.Build.0 = Release|Any CPU
		{A61C9472-3E1F-4624-A611-60115CB27266}.Debug|Any CPU.ActiveCfg = Debug|Any CPU
		{A61C9472-3E1F-4624-A611-60115CB27266}.Debug|Any CPU.Build.0 = Debug|Any CPU
		{A61C9472-3E1F-4624-A611-60115CB27266}.Release|Any CPU.ActiveCfg = Release|Any CPU
		{A61C9472-3E1F-4624-A611-60115CB27266}.Release|Any CPU.Build.0 = Release|Any CPU
	EndGlobalSection
	GlobalSection(SolutionProperties) = preSolution
		HideSolutionNode = FALSE
	EndGlobalSection
	GlobalSection(ExtensibilityGlobals) = postSolution
		SolutionGuid = {C9A1A1F5-36DC-4C59-A05D-B9D74F6CD368}
	EndGlobalSection
EndGlobal
